
Microsoft Visual Studio Solution File, Format Version 12.00
# Visual Studio Version 17
VisualStudioVersion = 17.3.32804.467
MinimumVisualStudioVersion = 10.0.40219.1
Project("{FAE04EC0-301F-11D3-BF4B-00C04F79EFBC}") = "Aggregator", "Aggregator.csproj", "{36AF05E0-4A50-4E6A-BB07-72268681D2DF}"
EndProject
Global
	GlobalSection(SolutionConfigurationPlatforms) = preSolution
		Debug|Any CPU = Debug|Any CPU
		Release|Any CPU = Release|Any CPU
	EndGlobalSection
	GlobalSection(ProjectConfigurationPlatforms) = postSolution
		{36AF05E0-4A50-4E6A-BB07-72268681D2DF}.Debug|Any CPU.ActiveCfg = Debug|Any CPU
		{36AF05E0-4A50-4E6A-BB07-72268681D2DF}.Debug|Any CPU.Build.0 = Debug|Any CPU
		{36AF05E0-4A50-4E6A-BB07-72268681D2DF}.Release|Any CPU.ActiveCfg = Release|Any CPU
		{36AF05E0-4A50-4E6A-BB07-72268681D2DF}.Release|Any CPU.Build.0 = Release|Any CPU
	EndGlobalSection
	GlobalSection(SolutionProperties) = preSolution
		HideSolutionNode = FALSE
	EndGlobalSection
	GlobalSection(ExtensibilityGlobals) = postSolution
		SolutionGuid = {AC207B6C-1AEC-4439-BEA5-54E92F7FDB01}
	EndGlobalSection
EndGlobal
